
Microsoft Visual Studio Solution File, Format Version 12.00
# Visual Studio 15
VisualStudioVersion = 15.0.28307.902
MinimumVisualStudioVersion = 10.0.40219.1
Project("{FAE04EC0-301F-11D3-BF4B-00C04F79EFBC}") = "WaterMango", "WebApplication6\WaterMango.csproj", "{C3CDC7A8-9ECC-4E77-A43C-E08D749A94C6}"
EndProject
Global
	GlobalSection(SolutionConfigurationPlatforms) = preSolution
		Debug|Any CPU = Debug|Any CPU
		Release|Any CPU = Release|Any CPU
	EndGlobalSection
	GlobalSection(ProjectConfigurationPlatforms) = postSolution
		{C3CDC7A8-9ECC-4E77-A43C-E08D749A94C6}.Debug|Any CPU.ActiveCfg = Debug|Any CPU
		{C3CDC7A8-9ECC-4E77-A43C-E08D749A94C6}.Debug|Any CPU.Build.0 = Debug|Any CPU
		{C3CDC7A8-9ECC-4E77-A43C-E08D749A94C6}.Release|Any CPU.ActiveCfg = Release|Any CPU
		{C3CDC7A8-9ECC-4E77-A43C-E08D749A94C6}.Release|Any CPU.Build.0 = Release|Any CPU
	EndGlobalSection
	GlobalSection(SolutionProperties) = preSolution
		HideSolutionNode = FALSE
	EndGlobalSection
	GlobalSection(ExtensibilityGlobals) = postSolution
		SolutionGuid = {DD851245-F330-4B55-896C-03079D4DF85F}
	EndGlobalSection
EndGlobal
